
Microsoft Visual Studio Solution File, Format Version 11.00
# Visual Studio 2010
Project("{FAE04EC0-301F-11D3-BF4B-00C04F79EFBC}") = "2DTowerDefence", "Assembly-CSharp.csproj", "{79337DEE-479B-D1D0-BF3F-3C70A7626CE9}"
EndProject
Global
	GlobalSection(SolutionConfigurationPlatforms) = preSolution
		Debug|Any CPU = Debug|Any CPU
		Release|Any CPU = Release|Any CPU
	EndGlobalSection
	GlobalSection(ProjectConfigurationPlatforms) = postSolution
		{79337DEE-479B-D1D0-BF3F-3C70A7626CE9}.Debug|Any CPU.ActiveCfg = Debug|Any CPU
		{79337DEE-479B-D1D0-BF3F-3C70A7626CE9}.Debug|Any CPU.Build.0 = Debug|Any CPU
		{79337DEE-479B-D1D0-BF3F-3C70A7626CE9}.Release|Any CPU.ActiveCfg = Release|Any CPU
		{79337DEE-479B-D1D0-BF3F-3C70A7626CE9}.Release|Any CPU.Build.0 = Release|Any CPU
	EndGlobalSection
	GlobalSection(SolutionProperties) = preSolution
		HideSolutionNode = FALSE
	EndGlobalSection
	GlobalSection(MonoDevelopProperties) = preSolution
		StartupItem = Assembly-CSharp.csproj
	EndGlobalSection
EndGlobal
